// !$*UTF8*$!
{
	archiveVersion = 1;
	classes = {
	};
	objectVersion = 46;
	objects = {

/* Begin PBXBuildFile section */
		EFB2249D1CE421CC002EF5B3 /* main.m in Sources */ = {isa = PBXBuildFile; fileRef = EFB2249C1CE421CC002EF5B3 /* main.m */; };
		EFB224A01CE421CC002EF5B3 /* AppDelegate.m in Sources */ = {isa = PBXBuildFile; fileRef = EFB2249F1CE421CC002EF5B3 /* AppDelegate.m */; };
		EFB224A31CE421CC002EF5B3 /* ViewController.m in Sources */ = {isa = PBXBuildFile; fileRef = EFB224A21CE421CC002EF5B3 /* ViewController.m */; };
		EFB224A61CE421CC002EF5B3 /* Main.storyboard in Resources */ = {isa = PBXBuildFile; fileRef = EFB224A41CE421CC002EF5B3 /* Main.storyboard */; };
		EFB224A81CE421CC002EF5B3 /* Assets.xcassets in Resources */ = {isa = PBXBuildFile; fileRef = EFB224A71CE421CC002EF5B3 /* Assets.xcassets */; };
		EFB224AB1CE421CC002EF5B3 /* LaunchScreen.storyboard in Resources */ = {isa = PBXBuildFile; fileRef = EFB224A91CE421CC002EF5B3 /* LaunchScreen.storyboard */; };
		EFB224B61CE421CC002EF5B3 /* mapKitDemoTests.m in Sources */ = {isa = PBXBuildFile; fileRef = EFB224B51CE421CC002EF5B3 /* mapKitDemoTests.m */; };
		EFB224C11CE421CC002EF5B3 /* mapKitDemoUITests.m in Sources */ = {isa = PBXBuildFile; fileRef = EFB224C01CE421CC002EF5B3 /* mapKitDemoUITests.m */; };
		EFB224CF1CE4239E002EF5B3 /* MapKit.framework in Frameworks */ = {isa = PBXBuildFile; fileRef = EFB224CE1CE4239E002EF5B3 /* MapKit.framework */; };
/* End PBXBuildFile section */

/* Begin PBXContainerItemProxy section */
		EFB224B21CE421CC002EF5B3 /* PBXContainerItemProxy */ = {
			isa = PBXContainerItemProxy;
			containerPortal = EFB224901CE421CB002EF5B3 /* Project object */;
			proxyType = 1;
			remoteGlobalIDString = EFB224971CE421CC002EF5B3;
			remoteInfo = mapKitDemo;
		};
		EFB224BD1CE421CC002EF5B3 /* PBXContainerItemProxy */ = {
			isa = PBXContainerItemProxy;
			containerPortal = EFB224901CE421CB002EF5B3 /* Project object */;
			proxyType = 1;
			remoteGlobalIDString = EFB224971CE421CC002EF5B3;
			remoteInfo = mapKitDemo;
		};
/* End PBXContainerItemProxy section */

/* Begin PBXFileReference section */
		EFB224981CE421CC002EF5B3 /* mapKitDemo.app */ = {isa = PBXFileReference; explicitFileType = wrapper.application; includeInIndex = 0; path = mapKitDemo.app; sourceTree = BUILT_PRODUCTS_DIR; };
		EFB2249C1CE421CC002EF5B3 /* main.m */ = {isa = PBXFileReference; lastKnownFileType = sourcecode.c.objc; path = main.m; sourceTree = "<group>"; };
		EFB2249E1CE421CC002EF5B3 /* AppDelegate.h */ = {isa = PBXFileReference; lastKnownFileType = sourcecode.c.h; path = AppDelegate.h; sourceTree = "<group>"; };
		EFB2249F1CE421CC002EF5B3 /* AppDelegate.m */ = {isa = PBXFileReference; lastKnownFileType = sourcecode.c.objc; path = AppDelegate.m; sourceTree = "<group>"; };
		EFB224A11CE421CC002EF5B3 /* ViewController.h */ = {isa = PBXFileReference; lastKnownFileType = sourcecode.c.h; path = ViewController.h; sourceTree = "<group>"; };
		EFB224A21CE421CC002EF5B3 /* ViewController.m */ = {isa = PBXFileReference; lastKnownFileType = sourcecode.c.objc; path = ViewController.m; sourceTree = "<group>"; };
		EFB224A51CE421CC002EF5B3 /* Base */ = {isa = PBXFileReference; lastKnownFileType = file.storyboard; name = Base; path = Base.lproj/Main.storyboard; sourceTree = "<group>"; };
		EFB224A71CE421CC002EF5B3 /* Assets.xcassets */ = {isa = PBXFileReference; lastKnownFileType = folder.assetcatalog; path = Assets.xcassets; sourceTree = "<group>"; };
		EFB224AA1CE421CC002EF5B3 /* Base */ = {isa = PBXFileReference; lastKnownFileType = file.storyboard; name = Base; path = Base.lproj/LaunchScreen.storyboard; sourceTree = "<group>"; };
		EFB224AC1CE421CC002EF5B3 /* Info.plist */ = {isa = PBXFileReference; lastKnownFileType = text.plist.xml; path = Info.plist; sourceTree = "<group>"; };
		EFB224B11CE421CC002EF5B3 /* mapKitDemoTests.xctest */ = {isa = PBXFileReference; explicitFileType = wrapper.cfbundle; includeInIndex = 0; path = mapKitDemoTests.xctest; sourceTree = BUILT_PRODUCTS_DIR; };
		EFB224B51CE421CC002EF5B3 /* mapKitDemoTests.m */ = {isa = PBXFileReference; lastKnownFileType = sourcecode.c.objc; path = mapKitDemoTests.m; sourceTree = "<group>"; };
		EFB224B71CE421CC002EF5B3 /* Info.plist */ = {isa = PBXFileReference; lastKnownFileType = text.plist.xml; path = Info.plist; sourceTree = "<group>"; };
		EFB224BC1CE421CC002EF5B3 /* mapKitDemoUITests.xctest */ = {isa = PBXFileReference; explicitFileType = wrapper.cfbundle; includeInIndex = 0; path = mapKitDemoUITests.xctest; sourceTree = BUILT_PRODUCTS_DIR; };
		EFB224C01CE421CC002EF5B3 /* mapKitDemoUITests.m */ = {isa = PBXFileReference; lastKnownFileType = sourcecode.c.objc; path = mapKitDemoUITests.m; sourceTree = "<group>"; };
		EFB224C21CE421CC002EF5B3 /* Info.plist */ = {isa = PBXFileReference; lastKnownFileType = text.plist.xml; path = Info.plist; sourceTree = "<group>"; };
		EFB224CE1CE4239E002EF5B3 /* MapKit.framework */ = {isa = PBXFileReference; lastKnownFileType = wrapper.framework; name = MapKit.framework; path = System/Library/Frameworks/MapKit.framework; sourceTree = SDKROOT; };
/* End PBXFileReference section */

/* Begin PBXFrameworksBuildPhase section */
		EFB224951CE421CC002EF5B3 /* Frameworks */ = {
			isa = PBXFrameworksBuildPhase;
			buildActionMask = 2147483647;
			files = (
				EFB224CF1CE4239E002EF5B3 /* MapKit.framework in Frameworks */,
			);
			runOnlyForDeploymentPostprocessing = 0;
		};
		EFB224AE1CE421CC002EF5B3 /* Frameworks */ = {
			isa = PBXFrameworksBuildPhase;
			buildActionMask = 2147483647;
			files = (
			);
			runOnlyForDeploymentPostprocessing = 0;
		};
		EFB224B91CE421CC002EF5B3 /* Frameworks */ = {
			isa = PBXFrameworksBuildPhase;
			buildActionMask = 2147483647;
			files = (
			);
			runOnlyForDeploymentPostprocessing = 0;
		};
/* End PBXFrameworksBuildPhase section */

/* Begin PBXGroup section */
		EFB2248F1CE421CB002EF5B3 = {
			isa = PBXGroup;
			children = (
				EFB224CE1CE4239E002EF5B3 /* MapKit.framework */,
				EFB2249A1CE421CC002EF5B3 /* mapKitDemo */,
				EFB224B41CE421CC002EF5B3 /* mapKitDemoTests */,
				EFB224BF1CE421CC002EF5B3 /* mapKitDemoUITests */,
				EFB224991CE421CC002EF5B3 /* Products */,
			);
			sourceTree = "<group>";
		};
		EFB224991CE421CC002EF5B3 /* Products */ = {
			isa = PBXGroup;
			children = (
				EFB224981CE421CC002EF5B3 /* mapKitDemo.app */,
				EFB224B11CE421CC002EF5B3 /* mapKitDemoTests.xctest */,
				EFB224BC1CE421CC002EF5B3 /* mapKitDemoUITests.xctest */,
			);
			name = Products;
			sourceTree = "<group>";
		};
		EFB2249A1CE421CC002EF5B3 /* mapKitDemo */ = {
			isa = PBXGroup;
			children = (
				EFB2249E1CE421CC002EF5B3 /* AppDelegate.h */,
				EFB2249F1CE421CC002EF5B3 /* AppDelegate.m */,
				EFB224A11CE421CC002EF5B3 /* ViewController.h */,
				EFB224A21CE421CC002EF5B3 /* ViewController.m */,
				EFB224A41CE421CC002EF5B3 /* Main.storyboard */,
				EFB224A71CE421CC002EF5B3 /* Assets.xcassets */,
				EFB224A91CE421CC002EF5B3 /* LaunchScreen.storyboard */,
				EFB224AC1CE421CC002EF5B3 /* Info.plist */,
				EFB2249B1CE421CC002EF5B3 /* Supporting Files */,
			);
			path = mapKitDemo;
			sourceTree = "<group>";
		};
		EFB2249B1CE421CC002EF5B3 /* Supporting Files */ = {
			isa = PBXGroup;
			children = (
				EFB2249C1CE421CC002EF5B3 /* main.m */,
			);
			name = "Supporting Files";
			sourceTree = "<group>";
		};
		EFB224B41CE421CC002EF5B3 /* mapKitDemoTests */ = {
			isa = PBXGroup;
			children = (
				EFB224B51CE421CC002EF5B3 /* mapKitDemoTests.m */,
				EFB224B71CE421CC002EF5B3 /* Info.plist */,
			);
			path = mapKitDemoTests;
			sourceTree = "<group>";
		};
		EFB224BF1CE421CC002EF5B3 /* mapKitDemoUITests */ = {
			isa = PBXGroup;
			children = (
				EFB224C01CE421CC002EF5B3 /* mapKitDemoUITests.m */,
				EFB224C21CE421CC002EF5B3 /* Info.plist */,
			);
			path = mapKitDemoUITests;
			sourceTree = "<group>";
		};
/* End PBXGroup section */

/* Begin PBXNativeTarget section */
		EFB224971CE421CC002EF5B3 /* mapKitDemo */ = {
			isa = PBXNativeTarget;
			buildConfigurationList = EFB224C51CE421CC002EF5B3 /* Build configuration list for PBXNativeTarget "mapKitDemo" */;
			buildPhases = (
				EFB224941CE421CC002EF5B3 /* Sources */,
				EFB224951CE421CC002EF5B3 /* Frameworks */,
				EFB224961CE421CC002EF5B3 /* Resources */,
			);
			buildRules = (
			);
			dependencies = (
			);
			name = mapKitDemo;
			productName = mapKitDemo;
			productReference = EFB224981CE421CC002EF5B3 /* mapKitDemo.app */;
			productType = "com.apple.product-type.application";
		};
		EFB224B01CE421CC002EF5B3 /* mapKitDemoTests */ = {
			isa = PBXNativeTarget;
			buildConfigurationList = EFB224C81CE421CC002EF5B3 /* Build configuration list for PBXNativeTarget "mapKitDemoTests" */;
			buildPhases = (
				EFB224AD1CE421CC002EF5B3 /* Sources */,
				EFB224AE1CE421CC002EF5B3 /* Frameworks */,
				EFB224AF1CE421CC002EF5B3 /* Resources */,
			);
			buildRules = (
			);
			dependencies = (
				EFB224B31CE421CC002EF5B3 /* PBXTargetDependency */,
			);
			name = mapKitDemoTests;
			productName = mapKitDemoTests;
			productReference = EFB224B11CE421CC002EF5B3 /* mapKitDemoTests.xctest */;
			productType = "com.apple.product-type.bundle.unit-test";
		};
		EFB224BB1CE421CC002EF5B3 /* mapKitDemoUITests */ = {
			isa = PBXNativeTarget;
			buildConfigurationList = EFB224CB1CE421CC002EF5B3 /* Build configuration list for PBXNativeTarget "mapKitDemoUITests" */;
			buildPhases = (
				EFB224B81CE421CC002EF5B3 /* Sources */,
				EFB224B91CE421CC002EF5B3 /* Frameworks */,
				EFB224BA1CE421CC002EF5B3 /* Resources */,
			);
			buildRules = (
			);
			dependencies = (
				EFB224BE1CE421CC002EF5B3 /* PBXTargetDependency */,
			);
			name = mapKitDemoUITests;
			productName = mapKitDemoUITests;
			productReference = EFB224BC1CE421CC002EF5B3 /* mapKitDemoUITests.xctest */;
			productType = "com.apple.product-type.bundle.ui-testing";
		};
/* End PBXNativeTarget section */

/* Begin PBXProject section */
		EFB224901CE421CB002EF5B3 /* Project object */ = {
			isa = PBXProject;
			attributes = {
				LastUpgradeCheck = 0730;
				ORGANIZATIONNAME = "王亚康";
				TargetAttributes = {
					EFB224971CE421CC002EF5B3 = {
						CreatedOnToolsVersion = 7.3.1;
					};
					EFB224B01CE421CC002EF5B3 = {
						CreatedOnToolsVersion = 7.3.1;
						TestTargetID = EFB224971CE421CC002EF5B3;
					};
					EFB224BB1CE421CC002EF5B3 = {
						CreatedOnToolsVersion = 7.3.1;
						TestTargetID = EFB224971CE421CC002EF5B3;
					};
				};
			};
			buildConfigurationList = EFB224931CE421CB002EF5B3 /* Build configuration list for PBXProject "mapKitDemo" */;
			compatibilityVersion = "Xcode 3.2";
			developmentRegion = English;
			hasScannedForEncodings = 0;
			knownRegions = (
				en,
				Base,
			);
			mainGroup = EFB2248F1CE421CB002EF5B3;
			productRefGroup = EFB224991CE421CC002EF5B3 /* Products */;
			projectDirPath = "";
			projectRoot = "";
			targets = (
				EFB224971CE421CC002EF5B3 /* mapKitDemo */,
				EFB224B01CE421CC002EF5B3 /* mapKitDemoTests */,
				EFB224BB1CE421CC002EF5B3 /* mapKitDemoUITests */,
			);
		};
/* End PBXProject section */

/* Begin PBXResourcesBuildPhase section */
		EFB224961CE421CC002EF5B3 /* Resources */ = {
			isa = PBXResourcesBuildPhase;
			buildActionMask = 2147483647;
			files = (
				EFB224AB1CE421CC002EF5B3 /* LaunchScreen.storyboard in Resources */,
				EFB224A81CE421CC002EF5B3 /* Assets.xcassets in Resources */,
				EFB224A61CE421CC002EF5B3 /* Main.storyboard in Resources */,
			);
			runOnlyForDeploymentPostprocessing = 0;
		};
		EFB224AF1CE421CC002EF5B3 /* Resources */ = {
			isa = PBXResourcesBuildPhase;
			buildActionMask = 2147483647;
			files = (
			);
			runOnlyForDeploymentPostprocessing = 0;
		};
		EFB224BA1CE421CC002EF5B3 /* Resources */ = {
			isa = PBXResourcesBuildPhase;
			buildActionMask = 2147483647;
			files = (
			);
			runOnlyForDeploymentPostprocessing = 0;
		};
/* End PBXResourcesBuildPhase section */

/* Begin PBXSourcesBuildPhase section */
		EFB224941CE421CC002EF5B3 /* Sources */ = {
			isa = PBXSourcesBuildPhase;
			buildActionMask = 2147483647;
			files = (
				EFB224A31CE421CC002EF5B3 /* ViewController.m in Sources */,
				EFB224A01CE421CC002EF5B3 /* AppDelegate.m in Sources */,
				EFB2249D1CE421CC002EF5B3 /* main.m in Sources */,
			);
			runOnlyForDeploymentPostprocessing = 0;
		};
		EFB224AD1CE421CC002EF5B3 /* Sources */ = {
			isa = PBXSourcesBuildPhase;
			buildActionMask = 2147483647;
			files = (
				EFB224B61CE421CC002EF5B3 /* mapKitDemoTests.m in Sources */,
			);
			runOnlyForDeploymentPostprocessing = 0;
		};
		EFB224B81CE421CC002EF5B3 /* Sources */ = {
			isa = PBXSourcesBuildPhase;
			buildActionMask = 2147483647;
			files = (
				EFB224C11CE421CC002EF5B3 /* mapKitDemoUITests.m in Sources */,
			);
			runOnlyForDeploymentPostprocessing = 0;
		};
/* End PBXSourcesBuildPhase section */

/* Begin PBXTargetDependency section */
		EFB224B31CE421CC002EF5B3 /* PBXTargetDependency */ = {
			isa = PBXTargetDependency;
			target = EFB224971CE421CC002EF5B3 /* mapKitDemo */;
			targetProxy = EFB224B21CE421CC002EF5B3 /* PBXContainerItemProxy */;
		};
		EFB224BE1CE421CC002EF5B3 /* PBXTargetDependency */ = {
			isa = PBXTargetDependency;
			target = EFB224971CE421CC002EF5B3 /* mapKitDemo */;
			targetProxy = EFB224BD1CE421CC002EF5B3 /* PBXContainerItemProxy */;
		};
/* End PBXTargetDependency section */

/* Begin PBXVariantGroup section */
		EFB224A41CE421CC002EF5B3 /* Main.storyboard */ = {
			isa = PBXVariantGroup;
			children = (
				EFB224A51CE421CC002EF5B3 /* Base */,
			);
			name = Main.storyboard;
			sourceTree = "<group>";
		};
		EFB224A91CE421CC002EF5B3 /* LaunchScreen.storyboard */ = {
			isa = PBXVariantGroup;
			children = (
				EFB224AA1CE421CC002EF5B3 /* Base */,
			);
			name = LaunchScreen.storyboard;
			sourceTree = "<group>";
		};
/* End PBXVariantGroup section */

/* Begin XCBuildConfiguration section */
		EFB224C31CE421CC002EF5B3 /* Debug */ = {
			isa = XCBuildConfiguration;
			buildSettings = {
				ALWAYS_SEARCH_USER_PATHS = NO;
				CLANG_ANALYZER_NONNULL = YES;
				CLANG_CXX_LANGUAGE_STANDARD = "gnu++0x";
				CLANG_CXX_LIBRARY = "libc++";
				CLANG_ENABLE_MODULES = YES;
				CLANG_ENABLE_OBJC_ARC = YES;
				CLANG_WARN_BOOL_CONVERSION = YES;
				CLANG_WARN_CONSTANT_CONVERSION = YES;
				CLANG_WARN_DIRECT_OBJC_ISA_USAGE = YES_ERROR;
				CLANG_WARN_EMPTY_BODY = YES;
				CLANG_WARN_ENUM_CONVERSION = YES;
				CLANG_WARN_INT_CONVERSION = YES;
				CLANG_WARN_OBJC_ROOT_CLASS = YES_ERROR;
				CLANG_WARN_UNREACHABLE_CODE = YES;
				CLANG_WARN__DUPLICATE_METHOD_MATCH = YES;
				"CODE_SIGN_IDENTITY[sdk=iphoneos*]" = "iPhone Developer";
				COPY_PHASE_STRIP = NO;
				DEBUG_INFORMATION_FORMAT = dwarf;
				ENABLE_STRICT_OBJC_MSGSEND = YES;
				ENABLE_TESTABILITY = YES;
				GCC_C_LANGUAGE_STANDARD = gnu99;
				GCC_DYNAMIC_NO_PIC = NO;
				GCC_NO_COMMON_BLOCKS = YES;
				GCC_OPTIMIZATION_LEVEL = 0;
				GCC_PREPROCESSOR_DEFINITIONS = (
					"DEBUG=1",
					"$(inherited)",
				);
				GCC_WARN_64_TO_32_BIT_CONVERSION = YES;
				GCC_WARN_ABOUT_RETURN_TYPE = YES_ERROR;
				GCC_WARN_UNDECLARED_SELECTOR = YES;
				GCC_WARN_UNINITIALIZED_AUTOS = YES_AGGRESSIVE;
				GCC_WARN_UNUSED_FUNCTION = YES;
				GCC_WARN_UNUSED_VARIABLE = YES;
				IPHONEOS_DEPLOYMENT_TARGET = 9.3;
				MTL_ENABLE_DEBUG_INFO = YES;
				ONLY_ACTIVE_ARCH = YES;
				SDKROOT = iphoneos;
				TARGETED_DEVICE_FAMILY = "1,2";
			};
			name = Debug;
		};
		EFB224C41CE421CC002EF5B3 /* Release */ = {
			isa = XCBuildConfiguration;
			buildSettings = {
				ALWAYS_SEARCH_USER_PATHS = NO;
				CLANG_ANALYZER_NONNULL = YES;
				CLANG_CXX_LANGUAGE_STANDARD = "gnu++0x";
				CLANG_CXX_LIBRARY = "libc++";
				CLANG_ENABLE_MODULES = YES;
				CLANG_ENABLE_OBJC_ARC = YES;
				CLANG_WARN_BOOL_CONVERSION = YES;
				CLANG_WARN_CONSTANT_CONVERSION = YES;
				CLANG_WARN_DIRECT_OBJC_ISA_USAGE = YES_ERROR;
				CLANG_WARN_EMPTY_BODY = YES;
				CLANG_WARN_ENUM_CONVERSION = YES;
				CLANG_WARN_INT_CONVERSION = YES;
				CLANG_WARN_OBJC_ROOT_CLASS = YES_ERROR;
				CLANG_WARN_UNREACHABLE_CODE = YES;
				CLANG_WARN__DUPLICATE_METHOD_MATCH = YES;
				"CODE_SIGN_IDENTITY[sdk=iphoneos*]" = "iPhone Developer";
				COPY_PHASE_STRIP = NO;
				DEBUG_INFORMATION_FORMAT = "dwarf-with-dsym";
				ENABLE_NS_ASSERTIONS = NO;
				ENABLE_STRICT_OBJC_MSGSEND = YES;
				GCC_C_LANGUAGE_STANDARD = gnu99;
				GCC_NO_COMMON_BLOCKS = YES;
				GCC_WARN_64_TO_32_BIT_CONVERSION = YES;
				GCC_WARN_ABOUT_RETURN_TYPE = YES_ERROR;
				GCC_WARN_UNDECLARED_SELECTOR = YES;
				GCC_WARN_UNINITIALIZED_AUTOS = YES_AGGRESSIVE;
				GCC_WARN_UNUSED_FUNCTION = YES;
				GCC_WARN_UNUSED_VARIABLE = YES;
				IPHONEOS_DEPLOYMENT_TARGET = 9.3;
				MTL_ENABLE_DEBUG_INFO = NO;
				SDKROOT = iphoneos;
				TARGETED_DEVICE_FAMILY = "1,2";
				VALIDATE_PRODUCT = YES;
			};
			name = Release;
		};
		EFB224C61CE421CC002EF5B3 /* Debug */ = {
			isa = XCBuildConfiguration;
			buildSettings = {
				ASSETCATALOG_COMPILER_APPICON_NAME = AppIcon;
				INFOPLIST_FILE = mapKitDemo/Info.plist;
				LD_RUNPATH_SEARCH_PATHS = "$(inherited) @executable_path/Frameworks";
				PRODUCT_BUNDLE_IDENTIFIER = kangkang.mapKitDemo;
				PRODUCT_NAME = "$(TARGET_NAME)";
			};
			name = Debug;
		};
		EFB224C71CE421CC002EF5B3 /* Release */ = {
			isa = XCBuildConfiguration;
			buildSettings = {
				ASSETCATALOG_COMPILER_APPICON_NAME = AppIcon;
				INFOPLIST_FILE = mapKitDemo/Info.plist;
				LD_RUNPATH_SEARCH_PATHS = "$(inherited) @executable_path/Frameworks";
				PRODUCT_BUNDLE_IDENTIFIER = kangkang.mapKitDemo;
				PRODUCT_NAME = "$(TARGET_NAME)";
			};
			name = Release;
		};
		EFB224C91CE421CC002EF5B3 /* Debug */ = {
			isa = XCBuildConfiguration;
			buildSettings = {
				BUNDLE_LOADER = "$(TEST_HOST)";
				INFOPLIST_FILE = mapKitDemoTests/Info.plist;
				LD_RUNPATH_SEARCH_PATHS = "$(inherited) @executable_path/Frameworks @loader_path/Frameworks";
				PRODUCT_BUNDLE_IDENTIFIER = kangkang.mapKitDemoTests;
				PRODUCT_NAME = "$(TARGET_NAME)";
				TEST_HOST = "$(BUILT_PRODUCTS_DIR)/mapKitDemo.app/mapKitDemo";
			};
			name = Debug;
		};
		EFB224CA1CE421CC002EF5B3 /* Release */ = {
			isa = XCBuildConfiguration;
			buildSettings = {
				BUNDLE_LOADER = "$(TEST_HOST)";
				INFOPLIST_FILE = mapKitDemoTests/Info.plist;
				LD_RUNPATH_SEARCH_PATHS = "$(inherited) @executable_path/Frameworks @loader_path/Frameworks";
				PRODUCT_BUNDLE_IDENTIFIER = kangkang.mapKitDemoTests;
				PRODUCT_NAME = "$(TARGET_NAME)";
				TEST_HOST = "$(BUILT_PRODUCTS_DIR)/mapKitDemo.app/mapKitDemo";
			};
			name = Release;
		};
		EFB224CC1CE421CC002EF5B3 /* Debug */ = {
			isa = XCBuildConfiguration;
			buildSettings = {
				INFOPLIST_FILE = mapKitDemoUITests/Info.plist;
				LD_RUNPATH_SEARCH_PATHS = "$(inherited) @executable_path/Frameworks @loader_path/Frameworks";
				PRODUCT_BUNDLE_IDENTIFIER = kangkang.mapKitDemoUITests;
				PRODUCT_NAME = "$(TARGET_NAME)";
				TEST_TARGET_NAME = mapKitDemo;
			};
			name = Debug;
		};
		EFB224CD1CE421CC002EF5B3 /* Release */ = {
			isa = XCBuildConfiguration;
			buildSettings = {
				INFOPLIST_FILE = mapKitDemoUITests/Info.plist;
				LD_RUNPATH_SEARCH_PATHS = "$(inherited) @executable_path/Frameworks @loader_path/Frameworks";
				PRODUCT_BUNDLE_IDENTIFIER = kangkang.mapKitDemoUITests;
				PRODUCT_NAME = "$(TARGET_NAME)";
				TEST_TARGET_NAME = mapKitDemo;
			};
			name = Release;
		};
/* End XCBuildConfiguration section */

/* Begin XCConfigurationList section */
		EFB224931CE421CB002EF5B3 /* Build configuration list for PBXProject "mapKitDemo" */ = {
			isa = XCConfigurationList;
			buildConfigurations = (
				EFB224C31CE421CC002EF5B3 /* Debug */,
				EFB224C41CE421CC002EF5B3 /* Release */,
			);
			defaultConfigurationIsVisible = 0;
			defaultConfigurationName = Release;
		};
		EFB224C51CE421CC002EF5B3 /* Build configuration list for PBXNativeTarget "mapKitDemo" */ = {
			isa = XCConfigurationList;
			buildConfigurations = (
				EFB224C61CE421CC002EF5B3 /* Debug */,
				EFB224C71CE421CC002EF5B3 /* Release */,
			);
			defaultConfigurationIsVisible = 0;
		};
		EFB224C81CE421CC002EF5B3 /* Build configuration list for PBXNativeTarget "mapKitDemoTests" */ = {
			isa = XCConfigurationList;
			buildConfigurations = (
				EFB224C91CE421CC002EF5B3 /* Debug */,
				EFB224CA1CE421CC002EF5B3 /* Release */,
			);
			defaultConfigurationIsVisible = 0;
		};
		EFB224CB1CE421CC002EF5B3 /* Build configuration list for PBXNativeTarget "mapKitDemoUITests" */ = {
			isa = XCConfigurationList;
			buildConfigurations = (
				EFB224CC1CE421CC002EF5B3 /* Debug */,
				EFB224CD1CE421CC002EF5B3 /* Release */,
			);
			defaultConfigurationIsVisible = 0;
		};
/* End XCConfigurationList section */
	};
	rootObject = EFB224901CE421CB002EF5B3 /* Project object */;
}
