// !$*UTF8*$!
{
	archiveVersion = 1;
	classes = {
	};
	objectVersion = 46;
	objects = {

/* Begin PBXBuildFile section */
		EF1E061B1CBCDE92000F7D8D /* main.m in Sources */ = {isa = PBXBuildFile; fileRef = EF1E061A1CBCDE92000F7D8D /* main.m */; };
		EF1E061E1CBCDE92000F7D8D /* AppDelegate.m in Sources */ = {isa = PBXBuildFile; fileRef = EF1E061D1CBCDE92000F7D8D /* AppDelegate.m */; };
		EF1E06211CBCDE92000F7D8D /* ViewController.m in Sources */ = {isa = PBXBuildFile; fileRef = EF1E06201CBCDE92000F7D8D /* ViewController.m */; };
		EF1E06241CBCDE92000F7D8D /* Main.storyboard in Resources */ = {isa = PBXBuildFile; fileRef = EF1E06221CBCDE92000F7D8D /* Main.storyboard */; };
		EF1E06261CBCDE92000F7D8D /* Assets.xcassets in Resources */ = {isa = PBXBuildFile; fileRef = EF1E06251CBCDE92000F7D8D /* Assets.xcassets */; };
		EF1E06291CBCDE92000F7D8D /* LaunchScreen.storyboard in Resources */ = {isa = PBXBuildFile; fileRef = EF1E06271CBCDE92000F7D8D /* LaunchScreen.storyboard */; };
		EF1E06341CBCDE92000F7D8D /* ____Tests.m in Sources */ = {isa = PBXBuildFile; fileRef = EF1E06331CBCDE92000F7D8D /* ____Tests.m */; };
		EF1E063F1CBCDE92000F7D8D /* ____UITests.m in Sources */ = {isa = PBXBuildFile; fileRef = EF1E063E1CBCDE92000F7D8D /* ____UITests.m */; };
/* End PBXBuildFile section */

/* Begin PBXContainerItemProxy section */
		EF1E06301CBCDE92000F7D8D /* PBXContainerItemProxy */ = {
			isa = PBXContainerItemProxy;
			containerPortal = EF1E060E1CBCDE92000F7D8D /* Project object */;
			proxyType = 1;
			remoteGlobalIDString = EF1E06151CBCDE92000F7D8D;
			remoteInfo = "梯度颜色";
		};
		EF1E063B1CBCDE92000F7D8D /* PBXContainerItemProxy */ = {
			isa = PBXContainerItemProxy;
			containerPortal = EF1E060E1CBCDE92000F7D8D /* Project object */;
			proxyType = 1;
			remoteGlobalIDString = EF1E06151CBCDE92000F7D8D;
			remoteInfo = "梯度颜色";
		};
/* End PBXContainerItemProxy section */

/* Begin PBXFileReference section */
		EF1E06161CBCDE92000F7D8D /* 梯度颜色.app */ = {isa = PBXFileReference; explicitFileType = wrapper.application; includeInIndex = 0; path = "梯度颜色.app"; sourceTree = BUILT_PRODUCTS_DIR; };
		EF1E061A1CBCDE92000F7D8D /* main.m */ = {isa = PBXFileReference; lastKnownFileType = sourcecode.c.objc; path = main.m; sourceTree = "<group>"; };
		EF1E061C1CBCDE92000F7D8D /* AppDelegate.h */ = {isa = PBXFileReference; lastKnownFileType = sourcecode.c.h; path = AppDelegate.h; sourceTree = "<group>"; };
		EF1E061D1CBCDE92000F7D8D /* AppDelegate.m */ = {isa = PBXFileReference; lastKnownFileType = sourcecode.c.objc; path = AppDelegate.m; sourceTree = "<group>"; };
		EF1E061F1CBCDE92000F7D8D /* ViewController.h */ = {isa = PBXFileReference; lastKnownFileType = sourcecode.c.h; path = ViewController.h; sourceTree = "<group>"; };
		EF1E06201CBCDE92000F7D8D /* ViewController.m */ = {isa = PBXFileReference; lastKnownFileType = sourcecode.c.objc; path = ViewController.m; sourceTree = "<group>"; };
		EF1E06231CBCDE92000F7D8D /* Base */ = {isa = PBXFileReference; lastKnownFileType = file.storyboard; name = Base; path = Base.lproj/Main.storyboard; sourceTree = "<group>"; };
		EF1E06251CBCDE92000F7D8D /* Assets.xcassets */ = {isa = PBXFileReference; lastKnownFileType = folder.assetcatalog; path = Assets.xcassets; sourceTree = "<group>"; };
		EF1E06281CBCDE92000F7D8D /* Base */ = {isa = PBXFileReference; lastKnownFileType = file.storyboard; name = Base; path = Base.lproj/LaunchScreen.storyboard; sourceTree = "<group>"; };
		EF1E062A1CBCDE92000F7D8D /* Info.plist */ = {isa = PBXFileReference; lastKnownFileType = text.plist.xml; path = Info.plist; sourceTree = "<group>"; };
		EF1E062F1CBCDE92000F7D8D /* 梯度颜色Tests.xctest */ = {isa = PBXFileReference; explicitFileType = wrapper.cfbundle; includeInIndex = 0; path = "梯度颜色Tests.xctest"; sourceTree = BUILT_PRODUCTS_DIR; };
		EF1E06331CBCDE92000F7D8D /* ____Tests.m */ = {isa = PBXFileReference; lastKnownFileType = sourcecode.c.objc; path = "____Tests.m"; sourceTree = "<group>"; };
		EF1E06351CBCDE92000F7D8D /* Info.plist */ = {isa = PBXFileReference; lastKnownFileType = text.plist.xml; path = Info.plist; sourceTree = "<group>"; };
		EF1E063A1CBCDE92000F7D8D /* 梯度颜色UITests.xctest */ = {isa = PBXFileReference; explicitFileType = wrapper.cfbundle; includeInIndex = 0; path = "梯度颜色UITests.xctest"; sourceTree = BUILT_PRODUCTS_DIR; };
		EF1E063E1CBCDE92000F7D8D /* ____UITests.m */ = {isa = PBXFileReference; lastKnownFileType = sourcecode.c.objc; path = "____UITests.m"; sourceTree = "<group>"; };
		EF1E06401CBCDE92000F7D8D /* Info.plist */ = {isa = PBXFileReference; lastKnownFileType = text.plist.xml; path = Info.plist; sourceTree = "<group>"; };
/* End PBXFileReference section */

/* Begin PBXFrameworksBuildPhase section */
		EF1E06131CBCDE92000F7D8D /* Frameworks */ = {
			isa = PBXFrameworksBuildPhase;
			buildActionMask = 2147483647;
			files = (
			);
			runOnlyForDeploymentPostprocessing = 0;
		};
		EF1E062C1CBCDE92000F7D8D /* Frameworks */ = {
			isa = PBXFrameworksBuildPhase;
			buildActionMask = 2147483647;
			files = (
			);
			runOnlyForDeploymentPostprocessing = 0;
		};
		EF1E06371CBCDE92000F7D8D /* Frameworks */ = {
			isa = PBXFrameworksBuildPhase;
			buildActionMask = 2147483647;
			files = (
			);
			runOnlyForDeploymentPostprocessing = 0;
		};
/* End PBXFrameworksBuildPhase section */

/* Begin PBXGroup section */
		EF1E060D1CBCDE92000F7D8D = {
			isa = PBXGroup;
			children = (
				EF1E06181CBCDE92000F7D8D /* 梯度颜色 */,
				EF1E06321CBCDE92000F7D8D /* 梯度颜色Tests */,
				EF1E063D1CBCDE92000F7D8D /* 梯度颜色UITests */,
				EF1E06171CBCDE92000F7D8D /* Products */,
			);
			sourceTree = "<group>";
		};
		EF1E06171CBCDE92000F7D8D /* Products */ = {
			isa = PBXGroup;
			children = (
				EF1E06161CBCDE92000F7D8D /* 梯度颜色.app */,
				EF1E062F1CBCDE92000F7D8D /* 梯度颜色Tests.xctest */,
				EF1E063A1CBCDE92000F7D8D /* 梯度颜色UITests.xctest */,
			);
			name = Products;
			sourceTree = "<group>";
		};
		EF1E06181CBCDE92000F7D8D /* 梯度颜色 */ = {
			isa = PBXGroup;
			children = (
				EF1E061C1CBCDE92000F7D8D /* AppDelegate.h */,
				EF1E061D1CBCDE92000F7D8D /* AppDelegate.m */,
				EF1E061F1CBCDE92000F7D8D /* ViewController.h */,
				EF1E06201CBCDE92000F7D8D /* ViewController.m */,
				EF1E06221CBCDE92000F7D8D /* Main.storyboard */,
				EF1E06251CBCDE92000F7D8D /* Assets.xcassets */,
				EF1E06271CBCDE92000F7D8D /* LaunchScreen.storyboard */,
				EF1E062A1CBCDE92000F7D8D /* Info.plist */,
				EF1E06191CBCDE92000F7D8D /* Supporting Files */,
			);
			path = "梯度颜色";
			sourceTree = "<group>";
		};
		EF1E06191CBCDE92000F7D8D /* Supporting Files */ = {
			isa = PBXGroup;
			children = (
				EF1E061A1CBCDE92000F7D8D /* main.m */,
			);
			name = "Supporting Files";
			sourceTree = "<group>";
		};
		EF1E06321CBCDE92000F7D8D /* 梯度颜色Tests */ = {
			isa = PBXGroup;
			children = (
				EF1E06331CBCDE92000F7D8D /* ____Tests.m */,
				EF1E06351CBCDE92000F7D8D /* Info.plist */,
			);
			path = "梯度颜色Tests";
			sourceTree = "<group>";
		};
		EF1E063D1CBCDE92000F7D8D /* 梯度颜色UITests */ = {
			isa = PBXGroup;
			children = (
				EF1E063E1CBCDE92000F7D8D /* ____UITests.m */,
				EF1E06401CBCDE92000F7D8D /* Info.plist */,
			);
			path = "梯度颜色UITests";
			sourceTree = "<group>";
		};
/* End PBXGroup section */

/* Begin PBXNativeTarget section */
		EF1E06151CBCDE92000F7D8D /* 梯度颜色 */ = {
			isa = PBXNativeTarget;
			buildConfigurationList = EF1E06431CBCDE92000F7D8D /* Build configuration list for PBXNativeTarget "梯度颜色" */;
			buildPhases = (
				EF1E06121CBCDE92000F7D8D /* Sources */,
				EF1E06131CBCDE92000F7D8D /* Frameworks */,
				EF1E06141CBCDE92000F7D8D /* Resources */,
			);
			buildRules = (
			);
			dependencies = (
			);
			name = "梯度颜色";
			productName = "梯度颜色";
			productReference = EF1E06161CBCDE92000F7D8D /* 梯度颜色.app */;
			productType = "com.apple.product-type.application";
		};
		EF1E062E1CBCDE92000F7D8D /* 梯度颜色Tests */ = {
			isa = PBXNativeTarget;
			buildConfigurationList = EF1E06461CBCDE92000F7D8D /* Build configuration list for PBXNativeTarget "梯度颜色Tests" */;
			buildPhases = (
				EF1E062B1CBCDE92000F7D8D /* Sources */,
				EF1E062C1CBCDE92000F7D8D /* Frameworks */,
				EF1E062D1CBCDE92000F7D8D /* Resources */,
			);
			buildRules = (
			);
			dependencies = (
				EF1E06311CBCDE92000F7D8D /* PBXTargetDependency */,
			);
			name = "梯度颜色Tests";
			productName = "梯度颜色Tests";
			productReference = EF1E062F1CBCDE92000F7D8D /* 梯度颜色Tests.xctest */;
			productType = "com.apple.product-type.bundle.unit-test";
		};
		EF1E06391CBCDE92000F7D8D /* 梯度颜色UITests */ = {
			isa = PBXNativeTarget;
			buildConfigurationList = EF1E06491CBCDE92000F7D8D /* Build configuration list for PBXNativeTarget "梯度颜色UITests" */;
			buildPhases = (
				EF1E06361CBCDE92000F7D8D /* Sources */,
				EF1E06371CBCDE92000F7D8D /* Frameworks */,
				EF1E06381CBCDE92000F7D8D /* Resources */,
			);
			buildRules = (
			);
			dependencies = (
				EF1E063C1CBCDE92000F7D8D /* PBXTargetDependency */,
			);
			name = "梯度颜色UITests";
			productName = "梯度颜色UITests";
			productReference = EF1E063A1CBCDE92000F7D8D /* 梯度颜色UITests.xctest */;
			productType = "com.apple.product-type.bundle.ui-testing";
		};
/* End PBXNativeTarget section */

/* Begin PBXProject section */
		EF1E060E1CBCDE92000F7D8D /* Project object */ = {
			isa = PBXProject;
			attributes = {
				LastUpgradeCheck = 0730;
				ORGANIZATIONNAME = "王亚康";
				TargetAttributes = {
					EF1E06151CBCDE92000F7D8D = {
						CreatedOnToolsVersion = 7.3;
					};
					EF1E062E1CBCDE92000F7D8D = {
						CreatedOnToolsVersion = 7.3;
						TestTargetID = EF1E06151CBCDE92000F7D8D;
					};
					EF1E06391CBCDE92000F7D8D = {
						CreatedOnToolsVersion = 7.3;
						TestTargetID = EF1E06151CBCDE92000F7D8D;
					};
				};
			};
			buildConfigurationList = EF1E06111CBCDE92000F7D8D /* Build configuration list for PBXProject "梯度颜色" */;
			compatibilityVersion = "Xcode 3.2";
			developmentRegion = English;
			hasScannedForEncodings = 0;
			knownRegions = (
				en,
				Base,
			);
			mainGroup = EF1E060D1CBCDE92000F7D8D;
			productRefGroup = EF1E06171CBCDE92000F7D8D /* Products */;
			projectDirPath = "";
			projectRoot = "";
			targets = (
				EF1E06151CBCDE92000F7D8D /* 梯度颜色 */,
				EF1E062E1CBCDE92000F7D8D /* 梯度颜色Tests */,
				EF1E06391CBCDE92000F7D8D /* 梯度颜色UITests */,
			);
		};
/* End PBXProject section */

/* Begin PBXResourcesBuildPhase section */
		EF1E06141CBCDE92000F7D8D /* Resources */ = {
			isa = PBXResourcesBuildPhase;
			buildActionMask = 2147483647;
			files = (
				EF1E06291CBCDE92000F7D8D /* LaunchScreen.storyboard in Resources */,
				EF1E06261CBCDE92000F7D8D /* Assets.xcassets in Resources */,
				EF1E06241CBCDE92000F7D8D /* Main.storyboard in Resources */,
			);
			runOnlyForDeploymentPostprocessing = 0;
		};
		EF1E062D1CBCDE92000F7D8D /* Resources */ = {
			isa = PBXResourcesBuildPhase;
			buildActionMask = 2147483647;
			files = (
			);
			runOnlyForDeploymentPostprocessing = 0;
		};
		EF1E06381CBCDE92000F7D8D /* Resources */ = {
			isa = PBXResourcesBuildPhase;
			buildActionMask = 2147483647;
			files = (
			);
			runOnlyForDeploymentPostprocessing = 0;
		};
/* End PBXResourcesBuildPhase section */

/* Begin PBXSourcesBuildPhase section */
		EF1E06121CBCDE92000F7D8D /* Sources */ = {
			isa = PBXSourcesBuildPhase;
			buildActionMask = 2147483647;
			files = (
				EF1E06211CBCDE92000F7D8D /* ViewController.m in Sources */,
				EF1E061E1CBCDE92000F7D8D /* AppDelegate.m in Sources */,
				EF1E061B1CBCDE92000F7D8D /* main.m in Sources */,
			);
			runOnlyForDeploymentPostprocessing = 0;
		};
		EF1E062B1CBCDE92000F7D8D /* Sources */ = {
			isa = PBXSourcesBuildPhase;
			buildActionMask = 2147483647;
			files = (
				EF1E06341CBCDE92000F7D8D /* ____Tests.m in Sources */,
			);
			runOnlyForDeploymentPostprocessing = 0;
		};
		EF1E06361CBCDE92000F7D8D /* Sources */ = {
			isa = PBXSourcesBuildPhase;
			buildActionMask = 2147483647;
			files = (
				EF1E063F1CBCDE92000F7D8D /* ____UITests.m in Sources */,
			);
			runOnlyForDeploymentPostprocessing = 0;
		};
/* End PBXSourcesBuildPhase section */

/* Begin PBXTargetDependency section */
		EF1E06311CBCDE92000F7D8D /* PBXTargetDependency */ = {
			isa = PBXTargetDependency;
			target = EF1E06151CBCDE92000F7D8D /* 梯度颜色 */;
			targetProxy = EF1E06301CBCDE92000F7D8D /* PBXContainerItemProxy */;
		};
		EF1E063C1CBCDE92000F7D8D /* PBXTargetDependency */ = {
			isa = PBXTargetDependency;
			target = EF1E06151CBCDE92000F7D8D /* 梯度颜色 */;
			targetProxy = EF1E063B1CBCDE92000F7D8D /* PBXContainerItemProxy */;
		};
/* End PBXTargetDependency section */

/* Begin PBXVariantGroup section */
		EF1E06221CBCDE92000F7D8D /* Main.storyboard */ = {
			isa = PBXVariantGroup;
			children = (
				EF1E06231CBCDE92000F7D8D /* Base */,
			);
			name = Main.storyboard;
			sourceTree = "<group>";
		};
		EF1E06271CBCDE92000F7D8D /* LaunchScreen.storyboard */ = {
			isa = PBXVariantGroup;
			children = (
				EF1E06281CBCDE92000F7D8D /* Base */,
			);
			name = LaunchScreen.storyboard;
			sourceTree = "<group>";
		};
/* End PBXVariantGroup section */

/* Begin XCBuildConfiguration section */
		EF1E06411CBCDE92000F7D8D /* Debug */ = {
			isa = XCBuildConfiguration;
			buildSettings = {
				ALWAYS_SEARCH_USER_PATHS = NO;
				CLANG_ANALYZER_NONNULL = YES;
				CLANG_CXX_LANGUAGE_STANDARD = "gnu++0x";
				CLANG_CXX_LIBRARY = "libc++";
				CLANG_ENABLE_MODULES = YES;
				CLANG_ENABLE_OBJC_ARC = YES;
				CLANG_WARN_BOOL_CONVERSION = YES;
				CLANG_WARN_CONSTANT_CONVERSION = YES;
				CLANG_WARN_DIRECT_OBJC_ISA_USAGE = YES_ERROR;
				CLANG_WARN_EMPTY_BODY = YES;
				CLANG_WARN_ENUM_CONVERSION = YES;
				CLANG_WARN_INT_CONVERSION = YES;
				CLANG_WARN_OBJC_ROOT_CLASS = YES_ERROR;
				CLANG_WARN_UNREACHABLE_CODE = YES;
				CLANG_WARN__DUPLICATE_METHOD_MATCH = YES;
				"CODE_SIGN_IDENTITY[sdk=iphoneos*]" = "iPhone Developer";
				COPY_PHASE_STRIP = NO;
				DEBUG_INFORMATION_FORMAT = dwarf;
				ENABLE_STRICT_OBJC_MSGSEND = YES;
				ENABLE_TESTABILITY = YES;
				GCC_C_LANGUAGE_STANDARD = gnu99;
				GCC_DYNAMIC_NO_PIC = NO;
				GCC_NO_COMMON_BLOCKS = YES;
				GCC_OPTIMIZATION_LEVEL = 0;
				GCC_PREPROCESSOR_DEFINITIONS = (
					"DEBUG=1",
					"$(inherited)",
				);
				GCC_WARN_64_TO_32_BIT_CONVERSION = YES;
				GCC_WARN_ABOUT_RETURN_TYPE = YES_ERROR;
				GCC_WARN_UNDECLARED_SELECTOR = YES;
				GCC_WARN_UNINITIALIZED_AUTOS = YES_AGGRESSIVE;
				GCC_WARN_UNUSED_FUNCTION = YES;
				GCC_WARN_UNUSED_VARIABLE = YES;
				IPHONEOS_DEPLOYMENT_TARGET = 9.3;
				MTL_ENABLE_DEBUG_INFO = YES;
				ONLY_ACTIVE_ARCH = YES;
				SDKROOT = iphoneos;
				TARGETED_DEVICE_FAMILY = "1,2";
			};
			name = Debug;
		};
		EF1E06421CBCDE92000F7D8D /* Release */ = {
			isa = XCBuildConfiguration;
			buildSettings = {
				ALWAYS_SEARCH_USER_PATHS = NO;
				CLANG_ANALYZER_NONNULL = YES;
				CLANG_CXX_LANGUAGE_STANDARD = "gnu++0x";
				CLANG_CXX_LIBRARY = "libc++";
				CLANG_ENABLE_MODULES = YES;
				CLANG_ENABLE_OBJC_ARC = YES;
				CLANG_WARN_BOOL_CONVERSION = YES;
				CLANG_WARN_CONSTANT_CONVERSION = YES;
				CLANG_WARN_DIRECT_OBJC_ISA_USAGE = YES_ERROR;
				CLANG_WARN_EMPTY_BODY = YES;
				CLANG_WARN_ENUM_CONVERSION = YES;
				CLANG_WARN_INT_CONVERSION = YES;
				CLANG_WARN_OBJC_ROOT_CLASS = YES_ERROR;
				CLANG_WARN_UNREACHABLE_CODE = YES;
				CLANG_WARN__DUPLICATE_METHOD_MATCH = YES;
				"CODE_SIGN_IDENTITY[sdk=iphoneos*]" = "iPhone Developer";
				COPY_PHASE_STRIP = NO;
				DEBUG_INFORMATION_FORMAT = "dwarf-with-dsym";
				ENABLE_NS_ASSERTIONS = NO;
				ENABLE_STRICT_OBJC_MSGSEND = YES;
				GCC_C_LANGUAGE_STANDARD = gnu99;
				GCC_NO_COMMON_BLOCKS = YES;
				GCC_WARN_64_TO_32_BIT_CONVERSION = YES;
				GCC_WARN_ABOUT_RETURN_TYPE = YES_ERROR;
				GCC_WARN_UNDECLARED_SELECTOR = YES;
				GCC_WARN_UNINITIALIZED_AUTOS = YES_AGGRESSIVE;
				GCC_WARN_UNUSED_FUNCTION = YES;
				GCC_WARN_UNUSED_VARIABLE = YES;
				IPHONEOS_DEPLOYMENT_TARGET = 9.3;
				MTL_ENABLE_DEBUG_INFO = NO;
				SDKROOT = iphoneos;
				TARGETED_DEVICE_FAMILY = "1,2";
				VALIDATE_PRODUCT = YES;
			};
			name = Release;
		};
		EF1E06441CBCDE92000F7D8D /* Debug */ = {
			isa = XCBuildConfiguration;
			buildSettings = {
				ASSETCATALOG_COMPILER_APPICON_NAME = AppIcon;
				INFOPLIST_FILE = "梯度颜色/Info.plist";
				LD_RUNPATH_SEARCH_PATHS = "$(inherited) @executable_path/Frameworks";
				PRODUCT_BUNDLE_IDENTIFIER = "kangkang.----";
				PRODUCT_NAME = "$(TARGET_NAME)";
			};
			name = Debug;
		};
		EF1E06451CBCDE92000F7D8D /* Release */ = {
			isa = XCBuildConfiguration;
			buildSettings = {
				ASSETCATALOG_COMPILER_APPICON_NAME = AppIcon;
				INFOPLIST_FILE = "梯度颜色/Info.plist";
				LD_RUNPATH_SEARCH_PATHS = "$(inherited) @executable_path/Frameworks";
				PRODUCT_BUNDLE_IDENTIFIER = "kangkang.----";
				PRODUCT_NAME = "$(TARGET_NAME)";
			};
			name = Release;
		};
		EF1E06471CBCDE92000F7D8D /* Debug */ = {
			isa = XCBuildConfiguration;
			buildSettings = {
				BUNDLE_LOADER = "$(TEST_HOST)";
				INFOPLIST_FILE = "梯度颜色Tests/Info.plist";
				LD_RUNPATH_SEARCH_PATHS = "$(inherited) @executable_path/Frameworks @loader_path/Frameworks";
				PRODUCT_BUNDLE_IDENTIFIER = "kangkang.----Tests";
				PRODUCT_NAME = "$(TARGET_NAME)";
				TEST_HOST = "$(BUILT_PRODUCTS_DIR)/梯度颜色.app/梯度颜色";
			};
			name = Debug;
		};
		EF1E06481CBCDE92000F7D8D /* Release */ = {
			isa = XCBuildConfiguration;
			buildSettings = {
				BUNDLE_LOADER = "$(TEST_HOST)";
				INFOPLIST_FILE = "梯度颜色Tests/Info.plist";
				LD_RUNPATH_SEARCH_PATHS = "$(inherited) @executable_path/Frameworks @loader_path/Frameworks";
				PRODUCT_BUNDLE_IDENTIFIER = "kangkang.----Tests";
				PRODUCT_NAME = "$(TARGET_NAME)";
				TEST_HOST = "$(BUILT_PRODUCTS_DIR)/梯度颜色.app/梯度颜色";
			};
			name = Release;
		};
		EF1E064A1CBCDE92000F7D8D /* Debug */ = {
			isa = XCBuildConfiguration;
			buildSettings = {
				INFOPLIST_FILE = "梯度颜色UITests/Info.plist";
				LD_RUNPATH_SEARCH_PATHS = "$(inherited) @executable_path/Frameworks @loader_path/Frameworks";
				PRODUCT_BUNDLE_IDENTIFIER = "kangkang.----UITests";
				PRODUCT_NAME = "$(TARGET_NAME)";
				TEST_TARGET_NAME = "梯度颜色";
			};
			name = Debug;
		};
		EF1E064B1CBCDE92000F7D8D /* Release */ = {
			isa = XCBuildConfiguration;
			buildSettings = {
				INFOPLIST_FILE = "梯度颜色UITests/Info.plist";
				LD_RUNPATH_SEARCH_PATHS = "$(inherited) @executable_path/Frameworks @loader_path/Frameworks";
				PRODUCT_BUNDLE_IDENTIFIER = "kangkang.----UITests";
				PRODUCT_NAME = "$(TARGET_NAME)";
				TEST_TARGET_NAME = "梯度颜色";
			};
			name = Release;
		};
/* End XCBuildConfiguration section */

/* Begin XCConfigurationList section */
		EF1E06111CBCDE92000F7D8D /* Build configuration list for PBXProject "梯度颜色" */ = {
			isa = XCConfigurationList;
			buildConfigurations = (
				EF1E06411CBCDE92000F7D8D /* Debug */,
				EF1E06421CBCDE92000F7D8D /* Release */,
			);
			defaultConfigurationIsVisible = 0;
			defaultConfigurationName = Release;
		};
		EF1E06431CBCDE92000F7D8D /* Build configuration list for PBXNativeTarget "梯度颜色" */ = {
			isa = XCConfigurationList;
			buildConfigurations = (
				EF1E06441CBCDE92000F7D8D /* Debug */,
				EF1E06451CBCDE92000F7D8D /* Release */,
			);
			defaultConfigurationIsVisible = 0;
		};
		EF1E06461CBCDE92000F7D8D /* Build configuration list for PBXNativeTarget "梯度颜色Tests" */ = {
			isa = XCConfigurationList;
			buildConfigurations = (
				EF1E06471CBCDE92000F7D8D /* Debug */,
				EF1E06481CBCDE92000F7D8D /* Release */,
			);
			defaultConfigurationIsVisible = 0;
		};
		EF1E06491CBCDE92000F7D8D /* Build configuration list for PBXNativeTarget "梯度颜色UITests" */ = {
			isa = XCConfigurationList;
			buildConfigurations = (
				EF1E064A1CBCDE92000F7D8D /* Debug */,
				EF1E064B1CBCDE92000F7D8D /* Release */,
			);
			defaultConfigurationIsVisible = 0;
		};
/* End XCConfigurationList section */
	};
	rootObject = EF1E060E1CBCDE92000F7D8D /* Project object */;
}
